// !$*UTF8*$!
{
	archiveVersion = 1;
	classes = {
	};
	objectVersion = 50;
	objects = {

/* Begin PBXBuildFile section */
		272C722522642E7600F17C2C /* AppDelegate.swift in Sources */ = {isa = PBXBuildFile; fileRef = 272C722422642E7600F17C2C /* AppDelegate.swift */; };
		272C722722642E7600F17C2C /* ViewController.swift in Sources */ = {isa = PBXBuildFile; fileRef = 272C722622642E7600F17C2C /* ViewController.swift */; };
		272C722922642E7600F17C2C /* Assets.xcassets in Resources */ = {isa = PBXBuildFile; fileRef = 272C722822642E7600F17C2C /* Assets.xcassets */; };
		272C722C22642E7600F17C2C /* Main.storyboard in Resources */ = {isa = PBXBuildFile; fileRef = 272C722A22642E7600F17C2C /* Main.storyboard */; };
		272C723822642E7700F17C2C /* DouFaTests.swift in Sources */ = {isa = PBXBuildFile; fileRef = 272C723722642E7700F17C2C /* DouFaTests.swift */; };
/* End PBXBuildFile section */

/* Begin PBXContainerItemProxy section */
		272C723422642E7700F17C2C /* PBXContainerItemProxy */ = {
			isa = PBXContainerItemProxy;
			containerPortal = 272C721922642E7600F17C2C /* Project object */;
			proxyType = 1;
			remoteGlobalIDString = 272C722022642E7600F17C2C;
			remoteInfo = DouFa;
		};
/* End PBXContainerItemProxy section */

/* Begin PBXFileReference section */
		272C722122642E7600F17C2C /* DouFa.app */ = {isa = PBXFileReference; explicitFileType = wrapper.application; includeInIndex = 0; path = DouFa.app; sourceTree = BUILT_PRODUCTS_DIR; };
		272C722422642E7600F17C2C /* AppDelegate.swift */ = {isa = PBXFileReference; lastKnownFileType = sourcecode.swift; path = AppDelegate.swift; sourceTree = "<group>"; };
		272C722622642E7600F17C2C /* ViewController.swift */ = {isa = PBXFileReference; lastKnownFileType = sourcecode.swift; path = ViewController.swift; sourceTree = "<group>"; };
		272C722822642E7600F17C2C /* Assets.xcassets */ = {isa = PBXFileReference; lastKnownFileType = folder.assetcatalog; path = Assets.xcassets; sourceTree = "<group>"; };
		272C722B22642E7600F17C2C /* Base */ = {isa = PBXFileReference; lastKnownFileType = file.storyboard; name = Base; path = Base.lproj/Main.storyboard; sourceTree = "<group>"; };
		272C722D22642E7600F17C2C /* Info.plist */ = {isa = PBXFileReference; lastKnownFileType = text.plist.xml; path = Info.plist; sourceTree = "<group>"; };
		272C722E22642E7600F17C2C /* DouFa.entitlements */ = {isa = PBXFileReference; lastKnownFileType = text.plist.entitlements; path = DouFa.entitlements; sourceTree = "<group>"; };
		272C723322642E7700F17C2C /* DouFaTests.xctest */ = {isa = PBXFileReference; explicitFileType = wrapper.cfbundle; includeInIndex = 0; path = DouFaTests.xctest; sourceTree = BUILT_PRODUCTS_DIR; };
		272C723722642E7700F17C2C /* DouFaTests.swift */ = {isa = PBXFileReference; lastKnownFileType = sourcecode.swift; path = DouFaTests.swift; sourceTree = "<group>"; };
		272C723922642E7700F17C2C /* Info.plist */ = {isa = PBXFileReference; lastKnownFileType = text.plist.xml; path = Info.plist; sourceTree = "<group>"; };
/* End PBXFileReference section */

/* Begin PBXFrameworksBuildPhase section */
		272C721E22642E7600F17C2C /* Frameworks */ = {
			isa = PBXFrameworksBuildPhase;
			buildActionMask = 2147483647;
			files = (
			);
			runOnlyForDeploymentPostprocessing = 0;
		};
		272C723022642E7700F17C2C /* Frameworks */ = {
			isa = PBXFrameworksBuildPhase;
			buildActionMask = 2147483647;
			files = (
			);
			runOnlyForDeploymentPostprocessing = 0;
		};
/* End PBXFrameworksBuildPhase section */

/* Begin PBXGroup section */
		272C721822642E7600F17C2C = {
			isa = PBXGroup;
			children = (
				272C722322642E7600F17C2C /* DouFa */,
				272C723622642E7700F17C2C /* DouFaTests */,
				272C722222642E7600F17C2C /* Products */,
			);
			sourceTree = "<group>";
		};
		272C722222642E7600F17C2C /* Products */ = {
			isa = PBXGroup;
			children = (
				272C722122642E7600F17C2C /* DouFa.app */,
				272C723322642E7700F17C2C /* DouFaTests.xctest */,
			);
			name = Products;
			sourceTree = "<group>";
		};
		272C722322642E7600F17C2C /* DouFa */ = {
			isa = PBXGroup;
			children = (
				272C722422642E7600F17C2C /* AppDelegate.swift */,
				272C722622642E7600F17C2C /* ViewController.swift */,
				272C722822642E7600F17C2C /* Assets.xcassets */,
				272C722A22642E7600F17C2C /* Main.storyboard */,
				272C722D22642E7600F17C2C /* Info.plist */,
				272C722E22642E7600F17C2C /* DouFa.entitlements */,
			);
			path = DouFa;
			sourceTree = "<group>";
		};
		272C723622642E7700F17C2C /* DouFaTests */ = {
			isa = PBXGroup;
			children = (
				272C723722642E7700F17C2C /* DouFaTests.swift */,
				272C723922642E7700F17C2C /* Info.plist */,
			);
			path = DouFaTests;
			sourceTree = "<group>";
		};
/* End PBXGroup section */

/* Begin PBXNativeTarget section */
		272C722022642E7600F17C2C /* DouFa */ = {
			isa = PBXNativeTarget;
			buildConfigurationList = 272C723C22642E7700F17C2C /* Build configuration list for PBXNativeTarget "DouFa" */;
			buildPhases = (
				272C721D22642E7600F17C2C /* Sources */,
				272C721E22642E7600F17C2C /* Frameworks */,
				272C721F22642E7600F17C2C /* Resources */,
			);
			buildRules = (
			);
			dependencies = (
			);
			name = DouFa;
			productName = DouFa;
			productReference = 272C722122642E7600F17C2C /* DouFa.app */;
			productType = "com.apple.product-type.application";
		};
		272C723222642E7700F17C2C /* DouFaTests */ = {
			isa = PBXNativeTarget;
			buildConfigurationList = 272C723F22642E7700F17C2C /* Build configuration list for PBXNativeTarget "DouFaTests" */;
			buildPhases = (
				272C722F22642E7700F17C2C /* Sources */,
				272C723022642E7700F17C2C /* Frameworks */,
				272C723122642E7700F17C2C /* Resources */,
			);
			buildRules = (
			);
			dependencies = (
				272C723522642E7700F17C2C /* PBXTargetDependency */,
			);
			name = DouFaTests;
			productName = DouFaTests;
			productReference = 272C723322642E7700F17C2C /* DouFaTests.xctest */;
			productType = "com.apple.product-type.bundle.unit-test";
		};
/* End PBXNativeTarget section */

/* Begin PBXProject section */
		272C721922642E7600F17C2C /* Project object */ = {
			isa = PBXProject;
			attributes = {
				LastSwiftUpdateCheck = 1020;
				LastUpgradeCheck = 1020;
				ORGANIZATIONNAME = KCG;
				TargetAttributes = {
					272C722022642E7600F17C2C = {
						CreatedOnToolsVersion = 10.2;
					};
					272C723222642E7700F17C2C = {
						CreatedOnToolsVersion = 10.2;
						TestTargetID = 272C722022642E7600F17C2C;
					};
				};
			};
			buildConfigurationList = 272C721C22642E7600F17C2C /* Build configuration list for PBXProject "DouFa" */;
			compatibilityVersion = "Xcode 9.3";
			developmentRegion = en;
			hasScannedForEncodings = 0;
			knownRegions = (
				en,
				Base,
			);
			mainGroup = 272C721822642E7600F17C2C;
			productRefGroup = 272C722222642E7600F17C2C /* Products */;
			projectDirPath = "";
			projectRoot = "";
			targets = (
				272C722022642E7600F17C2C /* DouFa */,
				272C723222642E7700F17C2C /* DouFaTests */,
			);
		};
/* End PBXProject section */

/* Begin PBXResourcesBuildPhase section */
		272C721F22642E7600F17C2C /* Resources */ = {
			isa = PBXResourcesBuildPhase;
			buildActionMask = 2147483647;
			files = (
				272C722922642E7600F17C2C /* Assets.xcassets in Resources */,
				272C722C22642E7600F17C2C /* Main.storyboard in Resources */,
			);
			runOnlyForDeploymentPostprocessing = 0;
		};
		272C723122642E7700F17C2C /* Resources */ = {
			isa = PBXResourcesBuildPhase;
			buildActionMask = 2147483647;
			files = (
			);
			runOnlyForDeploymentPostprocessing = 0;
		};
/* End PBXResourcesBuildPhase section */

/* Begin PBXSourcesBuildPhase section */
		272C721D22642E7600F17C2C /* Sources */ = {
			isa = PBXSourcesBuildPhase;
			buildActionMask = 2147483647;
			files = (
				272C722722642E7600F17C2C /* ViewController.swift in Sources */,
				272C722522642E7600F17C2C /* AppDelegate.swift in Sources */,
			);
			runOnlyForDeploymentPostprocessing = 0;
		};
		272C722F22642E7700F17C2C /* Sources */ = {
			isa = PBXSourcesBuildPhase;
			buildActionMask = 2147483647;
			files = (
				272C723822642E7700F17C2C /* DouFaTests.swift in Sources */,
			);
			runOnlyForDeploymentPostprocessing = 0;
		};
/* End PBXSourcesBuildPhase section */

/* Begin PBXTargetDependency section */
		272C723522642E7700F17C2C /* PBXTargetDependency */ = {
			isa = PBXTargetDependency;
			target = 272C722022642E7600F17C2C /* DouFa */;
			targetProxy = 272C723422642E7700F17C2C /* PBXContainerItemProxy */;
		};
/* End PBXTargetDependency section */

/* Begin PBXVariantGroup section */
		272C722A22642E7600F17C2C /* Main.storyboard */ = {
			isa = PBXVariantGroup;
			children = (
				272C722B22642E7600F17C2C /* Base */,
			);
			name = Main.storyboard;
			sourceTree = "<group>";
		};
/* End PBXVariantGroup section */

/* Begin XCBuildConfiguration section */
		272C723A22642E7700F17C2C /* Debug */ = {
			isa = XCBuildConfiguration;
			buildSettings = {
				ALWAYS_SEARCH_USER_PATHS = NO;
				CLANG_ANALYZER_NONNULL = YES;
				CLANG_ANALYZER_NUMBER_OBJECT_CONVERSION = YES_AGGRESSIVE;
				CLANG_CXX_LANGUAGE_STANDARD = "gnu++14";
				CLANG_CXX_LIBRARY = "libc++";
				CLANG_ENABLE_MODULES = YES;
				CLANG_ENABLE_OBJC_ARC = YES;
				CLANG_ENABLE_OBJC_WEAK = YES;
				CLANG_WARN_BLOCK_CAPTURE_AUTORELEASING = YES;
				CLANG_WARN_BOOL_CONVERSION = YES;
				CLANG_WARN_COMMA = YES;
				CLANG_WARN_CONSTANT_CONVERSION = YES;
				CLANG_WARN_DEPRECATED_OBJC_IMPLEMENTATIONS = YES;
				CLANG_WARN_DIRECT_OBJC_ISA_USAGE = YES_ERROR;
				CLANG_WARN_DOCUMENTATION_COMMENTS = YES;
				CLANG_WARN_EMPTY_BODY = YES;
				CLANG_WARN_ENUM_CONVERSION = YES;
				CLANG_WARN_INFINITE_RECURSION = YES;
				CLANG_WARN_INT_CONVERSION = YES;
				CLANG_WARN_NON_LITERAL_NULL_CONVERSION = YES;
				CLANG_WARN_OBJC_IMPLICIT_RETAIN_SELF = YES;
				CLANG_WARN_OBJC_LITERAL_CONVERSION = YES;
				CLANG_WARN_OBJC_ROOT_CLASS = YES_ERROR;
				CLANG_WARN_RANGE_LOOP_ANALYSIS = YES;
				CLANG_WARN_STRICT_PROTOTYPES = YES;
				CLANG_WARN_SUSPICIOUS_MOVE = YES;
				CLANG_WARN_UNGUARDED_AVAILABILITY = YES_AGGRESSIVE;
				CLANG_WARN_UNREACHABLE_CODE = YES;
				CLANG_WARN__DUPLICATE_METHOD_MATCH = YES;
				CODE_SIGN_IDENTITY = "Mac Developer";
				COPY_PHASE_STRIP = NO;
				DEBUG_INFORMATION_FORMAT = dwarf;
				ENABLE_STRICT_OBJC_MSGSEND = YES;
				ENABLE_TESTABILITY = YES;
				GCC_C_LANGUAGE_STANDARD = gnu11;
				GCC_DYNAMIC_NO_PIC = NO;
				GCC_NO_COMMON_BLOCKS = YES;
				GCC_OPTIMIZATION_LEVEL = 0;
				GCC_PREPROCESSOR_DEFINITIONS = (
					"DEBUG=1",
					"$(inherited)",
				);
				GCC_WARN_64_TO_32_BIT_CONVERSION = YES;
				GCC_WARN_ABOUT_RETURN_TYPE = YES_ERROR;
				GCC_WARN_UNDECLARED_SELECTOR = YES;
				GCC_WARN_UNINITIALIZED_AUTOS = YES_AGGRESSIVE;
				GCC_WARN_UNUSED_FUNCTION = YES;
				GCC_WARN_UNUSED_VARIABLE = YES;
				MACOSX_DEPLOYMENT_TARGET = 10.14;
				MTL_ENABLE_DEBUG_INFO = INCLUDE_SOURCE;
				MTL_FAST_MATH = YES;
				ONLY_ACTIVE_ARCH = YES;
				SDKROOT = macosx;
				SWIFT_ACTIVE_COMPILATION_CONDITIONS = DEBUG;
				SWIFT_OPTIMIZATION_LEVEL = "-Onone";
			};
			name = Debug;
		};
		272C723B22642E7700F17C2C /* Release */ = {
			isa = XCBuildConfiguration;
			buildSettings = {
				ALWAYS_SEARCH_USER_PATHS = NO;
				CLANG_ANALYZER_NONNULL = YES;
				CLANG_ANALYZER_NUMBER_OBJECT_CONVERSION = YES_AGGRESSIVE;
				CLANG_CXX_LANGUAGE_STANDARD = "gnu++14";
				CLANG_CXX_LIBRARY = "libc++";
				CLANG_ENABLE_MODULES = YES;
				CLANG_ENABLE_OBJC_ARC = YES;
				CLANG_ENABLE_OBJC_WEAK = YES;
				CLANG_WARN_BLOCK_CAPTURE_AUTORELEASING = YES;
				CLANG_WARN_BOOL_CONVERSION = YES;
				CLANG_WARN_COMMA = YES;
				CLANG_WARN_CONSTANT_CONVERSION = YES;
				CLANG_WARN_DEPRECATED_OBJC_IMPLEMENTATIONS = YES;
				CLANG_WARN_DIRECT_OBJC_ISA_USAGE = YES_ERROR;
				CLANG_WARN_DOCUMENTATION_COMMENTS = YES;
				CLANG_WARN_EMPTY_BODY = YES;
				CLANG_WARN_ENUM_CONVERSION = YES;
				CLANG_WARN_INFINITE_RECURSION = YES;
				CLANG_WARN_INT_CONVERSION = YES;
				CLANG_WARN_NON_LITERAL_NULL_CONVERSION = YES;
				CLANG_WARN_OBJC_IMPLICIT_RETAIN_SELF = YES;
				CLANG_WARN_OBJC_LITERAL_CONVERSION = YES;
				CLANG_WARN_OBJC_ROOT_CLASS = YES_ERROR;
				CLANG_WARN_RANGE_LOOP_ANALYSIS = YES;
				CLANG_WARN_STRICT_PROTOTYPES = YES;
				CLANG_WARN_SUSPICIOUS_MOVE = YES;
				CLANG_WARN_UNGUARDED_AVAILABILITY = YES_AGGRESSIVE;
				CLANG_WARN_UNREACHABLE_CODE = YES;
				CLANG_WARN__DUPLICATE_METHOD_MATCH = YES;
				CODE_SIGN_IDENTITY = "Mac Developer";
				COPY_PHASE_STRIP = NO;
				DEBUG_INFORMATION_FORMAT = "dwarf-with-dsym";
				ENABLE_NS_ASSERTIONS = NO;
				ENABLE_STRICT_OBJC_MSGSEND = YES;
				GCC_C_LANGUAGE_STANDARD = gnu11;
				GCC_NO_COMMON_BLOCKS = YES;
				GCC_WARN_64_TO_32_BIT_CONVERSION = YES;
				GCC_WARN_ABOUT_RETURN_TYPE = YES_ERROR;
				GCC_WARN_UNDECLARED_SELECTOR = YES;
				GCC_WARN_UNINITIALIZED_AUTOS = YES_AGGRESSIVE;
				GCC_WARN_UNUSED_FUNCTION = YES;
				GCC_WARN_UNUSED_VARIABLE = YES;
				MACOSX_DEPLOYMENT_TARGET = 10.14;
				MTL_ENABLE_DEBUG_INFO = NO;
				MTL_FAST_MATH = YES;
				SDKROOT = macosx;
				SWIFT_COMPILATION_MODE = wholemodule;
				SWIFT_OPTIMIZATION_LEVEL = "-O";
			};
			name = Release;
		};
		272C723D22642E7700F17C2C /* Debug */ = {
			isa = XCBuildConfiguration;
			buildSettings = {
				ASSETCATALOG_COMPILER_APPICON_NAME = AppIcon;
				CODE_SIGN_ENTITLEMENTS = DouFa/DouFa.entitlements;
				CODE_SIGN_STYLE = Automatic;
				COMBINE_HIDPI_IMAGES = YES;
				DEVELOPMENT_TEAM = 9EM45LQSAY;
				INFOPLIST_FILE = DouFa/Info.plist;
				LD_RUNPATH_SEARCH_PATHS = (
					"$(inherited)",
					"@executable_path/../Frameworks",
				);
				PRODUCT_BUNDLE_IDENTIFIER = com.kylece.DouFa;
				PRODUCT_NAME = "$(TARGET_NAME)";
				SWIFT_VERSION = 5.0;
			};
			name = Debug;
		};
		272C723E22642E7700F17C2C /* Release */ = {
			isa = XCBuildConfiguration;
			buildSettings = {
				ASSETCATALOG_COMPILER_APPICON_NAME = AppIcon;
				CODE_SIGN_ENTITLEMENTS = DouFa/DouFa.entitlements;
				CODE_SIGN_STYLE = Automatic;
				COMBINE_HIDPI_IMAGES = YES;
				DEVELOPMENT_TEAM = 9EM45LQSAY;
				INFOPLIST_FILE = DouFa/Info.plist;
				LD_RUNPATH_SEARCH_PATHS = (
					"$(inherited)",
					"@executable_path/../Frameworks",
				);
				PRODUCT_BUNDLE_IDENTIFIER = com.kylece.DouFa;
				PRODUCT_NAME = "$(TARGET_NAME)";
				SWIFT_VERSION = 5.0;
			};
			name = Release;
		};
		272C724022642E7700F17C2C /* Debug */ = {
			isa = XCBuildConfiguration;
			buildSettings = {
				ALWAYS_EMBED_SWIFT_STANDARD_LIBRARIES = YES;
				BUNDLE_LOADER = "$(TEST_HOST)";
				CODE_SIGN_STYLE = Automatic;
				COMBINE_HIDPI_IMAGES = YES;
				DEVELOPMENT_TEAM = 9EM45LQSAY;
				INFOPLIST_FILE = DouFaTests/Info.plist;
				LD_RUNPATH_SEARCH_PATHS = (
					"$(inherited)",
					"@executable_path/../Frameworks",
					"@loader_path/../Frameworks",
				);
				PRODUCT_BUNDLE_IDENTIFIER = com.kylece.DouFaTests;
				PRODUCT_NAME = "$(TARGET_NAME)";
				SWIFT_VERSION = 5.0;
				TEST_HOST = "$(BUILT_PRODUCTS_DIR)/DouFa.app/Contents/MacOS/DouFa";
			};
			name = Debug;
		};
		272C724122642E7700F17C2C /* Release */ = {
			isa = XCBuildConfiguration;
			buildSettings = {
				ALWAYS_EMBED_SWIFT_STANDARD_LIBRARIES = YES;
				BUNDLE_LOADER = "$(TEST_HOST)";
				CODE_SIGN_STYLE = Automatic;
				COMBINE_HIDPI_IMAGES = YES;
				DEVELOPMENT_TEAM = 9EM45LQSAY;
				INFOPLIST_FILE = DouFaTests/Info.plist;
				LD_RUNPATH_SEARCH_PATHS = (
					"$(inherited)",
					"@executable_path/../Frameworks",
					"@loader_path/../Frameworks",
				);
				PRODUCT_BUNDLE_IDENTIFIER = com.kylece.DouFaTests;
				PRODUCT_NAME = "$(TARGET_NAME)";
				SWIFT_VERSION = 5.0;
				TEST_HOST = "$(BUILT_PRODUCTS_DIR)/DouFa.app/Contents/MacOS/DouFa";
			};
			name = Release;
		};
/* End XCBuildConfiguration section */

/* Begin XCConfigurationList section */
		272C721C22642E7600F17C2C /* Build configuration list for PBXProject "DouFa" */ = {
			isa = XCConfigurationList;
			buildConfigurations = (
				272C723A22642E7700F17C2C /* Debug */,
				272C723B22642E7700F17C2C /* Release */,
			);
			defaultConfigurationIsVisible = 0;
			defaultConfigurationName = Release;
		};
		272C723C22642E7700F17C2C /* Build configuration list for PBXNativeTarget "DouFa" */ = {
			isa = XCConfigurationList;
			buildConfigurations = (
				272C723D22642E7700F17C2C /* Debug */,
				272C723E22642E7700F17C2C /* Release */,
			);
			defaultConfigurationIsVisible = 0;
			defaultConfigurationName = Release;
		};
		272C723F22642E7700F17C2C /* Build configuration list for PBXNativeTarget "DouFaTests" */ = {
			isa = XCConfigurationList;
			buildConfigurations = (
				272C724022642E7700F17C2C /* Debug */,
				272C724122642E7700F17C2C /* Release */,
			);
			defaultConfigurationIsVisible = 0;
			defaultConfigurationName = Release;
		};
/* End XCConfigurationList section */
	};
	rootObject = 272C721922642E7600F17C2C /* Project object */;
}
